# THIS IS AN AUTOGENERATED FILE. DO NOT EDIT THIS FILE DIRECTLY.
# yarn lockfile v1


"@upstash/redis@^1.34.0":
  version "1.34.3"
  resolved "https://registry.npmmirror.com/@upstash/redis/-/redis-1.34.3.tgz#df0338f4983bba5141878e851be4fced494b44a0"
  integrity sha512-VT25TyODGy/8ljl7GADnJoMmtmJ1F8d84UXfGonRRF8fWYJz7+2J6GzW+a6ETGtk4OyuRTt7FRSvFG5GvrfSdQ==
  dependencies:
    crypto-js "^4.2.0"

"@vercel/kv@^3.0.0":
  version "3.0.0"
  resolved "https://registry.npmmirror.com/@vercel/kv/-/kv-3.0.0.tgz#4579153536c9fc0ca8c52d3d7cfe944ccffd08c0"
  integrity sha512-pKT8fRnfyYk2MgvyB6fn6ipJPCdfZwiKDdw7vB+HL50rjboEBHDVBEcnwfkEpVSp2AjNtoaOUH7zG+bVC/rvSg==
  dependencies:
    "@upstash/redis" "^1.34.0"

crypto-js@^4.2.0:
  version "4.2.0"
  resolved "https://registry.npmmirror.com/crypto-js/-/crypto-js-4.2.0.tgz#4d931639ecdfd12ff80e8186dba6af2c2e856631"
  integrity sha512-KALDyEYgpY+Rlob/iriUtjV6d5Eq+Y191A5g4UqLAi8CyGP9N1+FdVbkc1SxKc2r4YAYqG8JzO2KGL+AizD70Q==

dotenv@^16.0.3:
  version "16.4.7"
  resolved "https://registry.npmmirror.com/dotenv/-/dotenv-16.4.7.tgz#0e20c5b82950140aa99be360a8a5f52335f53c26"
  integrity sha512-47qPchRCykZC03FhkYAhrvwU4xDBFIj1QPqaarj6mdM/hgUzfPHcpkHJOn3mJAufFeeAxAzeGsr5X0M4k6fLZQ==
